
Microsoft Visual Studio Solution File, Format Version 12.00
# Visual Studio Version 16
VisualStudioVersion = 16.0.31911.196
MinimumVisualStudioVersion = 10.0.40219.1
Project("{9A19103F-16F7-4668-BE54-9A1E7A4F7556}") = "ArtificialRPG", "ArtificialRPG\ArtificialRPG.csproj", "{F5EC250B-DBA5-4CD0-9714-03E56A41C23D}"
EndProject
Project("{9A19103F-16F7-4668-BE54-9A1E7A4F7556}") = "ArtificialRPG.Model", "ArtificialRPG.Model\ArtificialRPG.Model.csproj", "{B091E95E-6EC9-4CC0-928A-A50BB8C974DB}"
EndProject
Global
	GlobalSection(SolutionConfigurationPlatforms) = preSolution
		Debug|Any CPU = Debug|Any CPU
		Release|Any CPU = Release|Any CPU
	EndGlobalSection
	GlobalSection(ProjectConfigurationPlatforms) = postSolution
		{F5EC250B-DBA5-4CD0-9714-03E56A41C23D}.Debug|Any CPU.ActiveCfg = Debug|Any CPU
		{F5EC250B-DBA5-4CD0-9714-03E56A41C23D}.Debug|Any CPU.Build.0 = Debug|Any CPU
		{F5EC250B-DBA5-4CD0-9714-03E56A41C23D}.Release|Any CPU.ActiveCfg = Release|Any CPU
		{F5EC250B-DBA5-4CD0-9714-03E56A41C23D}.Release|Any CPU.Build.0 = Release|Any CPU
		{B091E95E-6EC9-4CC0-928A-A50BB8C974DB}.Debug|Any CPU.ActiveCfg = Debug|Any CPU
		{B091E95E-6EC9-4CC0-928A-A50BB8C974DB}.Debug|Any CPU.Build.0 = Debug|Any CPU
		{B091E95E-6EC9-4CC0-928A-A50BB8C974DB}.Release|Any CPU.ActiveCfg = Release|Any CPU
		{B091E95E-6EC9-4CC0-928A-A50BB8C974DB}.Release|Any CPU.Build.0 = Release|Any CPU
	EndGlobalSection
	GlobalSection(SolutionProperties) = preSolution
		HideSolutionNode = FALSE
	EndGlobalSection
	GlobalSection(ExtensibilityGlobals) = postSolution
		SolutionGuid = {B67FC567-4696-4749-A271-414CB185F88A}
	EndGlobalSection
EndGlobal
